
Microsoft Visual Studio Solution File, Format Version 12.00
# Visual Studio Version 16
VisualStudioVersion = 16.0.31321.278
MinimumVisualStudioVersion = 10.0.40219.1
Project("{FAE04EC0-301F-11D3-BF4B-00C04F79EFBC}") = "atelier2", "atelier2.csproj", "{97DE9DE7-0BBD-4073-91C2-58B7D0CA4DB4}"
EndProject
Global
	GlobalSection(SolutionConfigurationPlatforms) = preSolution
		Debug|Any CPU = Debug|Any CPU
		Release|Any CPU = Release|Any CPU
	EndGlobalSection
	GlobalSection(ProjectConfigurationPlatforms) = postSolution
		{97DE9DE7-0BBD-4073-91C2-58B7D0CA4DB4}.Debug|Any CPU.ActiveCfg = Debug|Any CPU
		{97DE9DE7-0BBD-4073-91C2-58B7D0CA4DB4}.Debug|Any CPU.Build.0 = Debug|Any CPU
		{97DE9DE7-0BBD-4073-91C2-58B7D0CA4DB4}.Release|Any CPU.ActiveCfg = Release|Any CPU
		{97DE9DE7-0BBD-4073-91C2-58B7D0CA4DB4}.Release|Any CPU.Build.0 = Release|Any CPU
	EndGlobalSection
	GlobalSection(SolutionProperties) = preSolution
		HideSolutionNode = FALSE
	EndGlobalSection
	GlobalSection(ExtensibilityGlobals) = postSolution
		SolutionGuid = {F9838270-7D7D-4088-A932-204A1A1D89F6}
	EndGlobalSection
EndGlobal
